
Microsoft Visual Studio Solution File, Format Version 12.00
# Visual Studio 15
VisualStudioVersion = 15.0.27130.0
MinimumVisualStudioVersion = 10.0.40219.1
Project("{FAE04EC0-301F-11D3-BF4B-00C04F79EFBC}") = "WindowsMediaPlayer", "WindowsMediaPlayer\WindowsMediaPlayer.csproj", "{908D3C04-51FA-42DE-998F-67ED4F8080EA}"
EndProject
Global
	GlobalSection(SolutionConfigurationPlatforms) = preSolution
		Debug|Any CPU = Debug|Any CPU
		Release|Any CPU = Release|Any CPU
	EndGlobalSection
	GlobalSection(ProjectConfigurationPlatforms) = postSolution
		{908D3C04-51FA-42DE-998F-67ED4F8080EA}.Debug|Any CPU.ActiveCfg = Debug|Any CPU
		{908D3C04-51FA-42DE-998F-67ED4F8080EA}.Debug|Any CPU.Build.0 = Debug|Any CPU
		{908D3C04-51FA-42DE-998F-67ED4F8080EA}.Release|Any CPU.ActiveCfg = Release|Any CPU
		{908D3C04-51FA-42DE-998F-67ED4F8080EA}.Release|Any CPU.Build.0 = Release|Any CPU
	EndGlobalSection
	GlobalSection(SolutionProperties) = preSolution
		HideSolutionNode = FALSE
	EndGlobalSection
	GlobalSection(ExtensibilityGlobals) = postSolution
		SolutionGuid = {B2FF60C3-16DC-4900-820E-8C6CEAF860DE}
	EndGlobalSection
EndGlobal
